// !$*UTF8*$!
{
	archiveVersion = 1;
	classes = {
	};
	objectVersion = 56;
	objects = {

/* Begin PBXBuildFile section */
		E40C1028296BC5F700C9C512 /* Assets.xcassets in Resources */ = {isa = PBXBuildFile; fileRef = E40C1027296BC5F700C9C512 /* Assets.xcassets */; };
		E40C102B296BC5F700C9C512 /* Preview Assets.xcassets in Resources */ = {isa = PBXBuildFile; fileRef = E40C102A296BC5F700C9C512 /* Preview Assets.xcassets */; };
		E40C1036296BD41D00C9C512 /* GoogleService-Info.plist in Resources */ = {isa = PBXBuildFile; fileRef = E40C1035296BD41D00C9C512 /* GoogleService-Info.plist */; };
		E40C1039296BD4EB00C9C512 /* FirebaseAuth in Frameworks */ = {isa = PBXBuildFile; productRef = E40C1038296BD4EB00C9C512 /* FirebaseAuth */; };
		E40C103B296BD4EB00C9C512 /* FirebaseFirestore in Frameworks */ = {isa = PBXBuildFile; productRef = E40C103A296BD4EB00C9C512 /* FirebaseFirestore */; };
		E40C103D296BD4EB00C9C512 /* FirebaseFirestoreSwift in Frameworks */ = {isa = PBXBuildFile; productRef = E40C103C296BD4EB00C9C512 /* FirebaseFirestoreSwift */; };
		E40C103F296BD4EB00C9C512 /* FirebaseStorage in Frameworks */ = {isa = PBXBuildFile; productRef = E40C103E296BD4EB00C9C512 /* FirebaseStorage */; };
		E40C1041296BDC3500C9C512 /* ImagePicker.swift in Sources */ = {isa = PBXBuildFile; fileRef = E40C1040296BDC3500C9C512 /* ImagePicker.swift */; };
		E40C1049296BFF3B00C9C512 /* SDWebImageSwiftUI in Frameworks */ = {isa = PBXBuildFile; productRef = E40C1048296BFF3B00C9C512 /* SDWebImageSwiftUI */; };
		E40C106C296D642700C9C512 /* ChatApp.swift in Sources */ = {isa = PBXBuildFile; fileRef = E40C105D296D642600C9C512 /* ChatApp.swift */; };
		E40C106D296D642700C9C512 /* ChatMessage.swift in Sources */ = {isa = PBXBuildFile; fileRef = E40C105F296D642600C9C512 /* ChatMessage.swift */; };
		E40C106E296D642700C9C512 /* RecentMessage.swift in Sources */ = {isa = PBXBuildFile; fileRef = E40C1060296D642600C9C512 /* RecentMessage.swift */; };
		E40C106F296D642700C9C512 /* ChatUser.swift in Sources */ = {isa = PBXBuildFile; fileRef = E40C1061296D642600C9C512 /* ChatUser.swift */; };
		E40C1070296D642700C9C512 /* FirebaseConstants.swift in Sources */ = {isa = PBXBuildFile; fileRef = E40C1063296D642600C9C512 /* FirebaseConstants.swift */; };
		E40C1071296D642700C9C512 /* FirebaseManager.swift in Sources */ = {isa = PBXBuildFile; fileRef = E40C1064296D642600C9C512 /* FirebaseManager.swift */; };
		E40C1072296D642700C9C512 /* ChatLogView.swift in Sources */ = {isa = PBXBuildFile; fileRef = E40C1067296D642700C9C512 /* ChatLogView.swift */; };
		E40C1073296D642700C9C512 /* MainMessagesView.swift in Sources */ = {isa = PBXBuildFile; fileRef = E40C1068296D642700C9C512 /* MainMessagesView.swift */; };
		E40C1074296D642700C9C512 /* CreateNewMessageView.swift in Sources */ = {isa = PBXBuildFile; fileRef = E40C106A296D642700C9C512 /* CreateNewMessageView.swift */; };
		E40C1075296D642700C9C512 /* LoginView.swift in Sources */ = {isa = PBXBuildFile; fileRef = E40C106B296D642700C9C512 /* LoginView.swift */; };
		E40C1079296D67E600C9C512 /* ChatLogViewModel.swift in Sources */ = {isa = PBXBuildFile; fileRef = E40C1078296D67E600C9C512 /* ChatLogViewModel.swift */; };
		E40C107B296D683F00C9C512 /* MainMessagesViewModel.swift in Sources */ = {isa = PBXBuildFile; fileRef = E40C107A296D683F00C9C512 /* MainMessagesViewModel.swift */; };
		E40C107D296D688C00C9C512 /* CreateNewMessageViewModel.swift in Sources */ = {isa = PBXBuildFile; fileRef = E40C107C296D688C00C9C512 /* CreateNewMessageViewModel.swift */; };
/* End PBXBuildFile section */

/* Begin PBXFileReference section */
		E40C1020296BC5F300C9C512 /* Chat.app */ = {isa = PBXFileReference; explicitFileType = wrapper.application; includeInIndex = 0; path = Chat.app; sourceTree = BUILT_PRODUCTS_DIR; };
		E40C1027296BC5F700C9C512 /* Assets.xcassets */ = {isa = PBXFileReference; lastKnownFileType = folder.assetcatalog; path = Assets.xcassets; sourceTree = "<group>"; };
		E40C102A296BC5F700C9C512 /* Preview Assets.xcassets */ = {isa = PBXFileReference; lastKnownFileType = folder.assetcatalog; path = "Preview Assets.xcassets"; sourceTree = "<group>"; };
		E40C1035296BD41D00C9C512 /* GoogleService-Info.plist */ = {isa = PBXFileReference; fileEncoding = 4; lastKnownFileType = text.plist.xml; path = "GoogleService-Info.plist"; sourceTree = "<group>"; };
		E40C1040296BDC3500C9C512 /* ImagePicker.swift */ = {isa = PBXFileReference; lastKnownFileType = sourcecode.swift; path = ImagePicker.swift; sourceTree = "<group>"; };
		E40C105D296D642600C9C512 /* ChatApp.swift */ = {isa = PBXFileReference; fileEncoding = 4; lastKnownFileType = sourcecode.swift; path = ChatApp.swift; sourceTree = "<group>"; };
		E40C105F296D642600C9C512 /* ChatMessage.swift */ = {isa = PBXFileReference; fileEncoding = 4; lastKnownFileType = sourcecode.swift; path = ChatMessage.swift; sourceTree = "<group>"; };
		E40C1060296D642600C9C512 /* RecentMessage.swift */ = {isa = PBXFileReference; fileEncoding = 4; lastKnownFileType = sourcecode.swift; path = RecentMessage.swift; sourceTree = "<group>"; };
		E40C1061296D642600C9C512 /* ChatUser.swift */ = {isa = PBXFileReference; fileEncoding = 4; lastKnownFileType = sourcecode.swift; path = ChatUser.swift; sourceTree = "<group>"; };
		E40C1063296D642600C9C512 /* FirebaseConstants.swift */ = {isa = PBXFileReference; fileEncoding = 4; lastKnownFileType = sourcecode.swift; path = FirebaseConstants.swift; sourceTree = "<group>"; };
		E40C1064296D642600C9C512 /* FirebaseManager.swift */ = {isa = PBXFileReference; fileEncoding = 4; lastKnownFileType = sourcecode.swift; path = FirebaseManager.swift; sourceTree = "<group>"; };
		E40C1067296D642700C9C512 /* ChatLogView.swift */ = {isa = PBXFileReference; fileEncoding = 4; lastKnownFileType = sourcecode.swift; path = ChatLogView.swift; sourceTree = "<group>"; };
		E40C1068296D642700C9C512 /* MainMessagesView.swift */ = {isa = PBXFileReference; fileEncoding = 4; lastKnownFileType = sourcecode.swift; path = MainMessagesView.swift; sourceTree = "<group>"; };
		E40C106A296D642700C9C512 /* CreateNewMessageView.swift */ = {isa = PBXFileReference; fileEncoding = 4; lastKnownFileType = sourcecode.swift; path = CreateNewMessageView.swift; sourceTree = "<group>"; };
		E40C106B296D642700C9C512 /* LoginView.swift */ = {isa = PBXFileReference; fileEncoding = 4; lastKnownFileType = sourcecode.swift; path = LoginView.swift; sourceTree = "<group>"; };
		E40C1078296D67E600C9C512 /* ChatLogViewModel.swift */ = {isa = PBXFileReference; lastKnownFileType = sourcecode.swift; path = ChatLogViewModel.swift; sourceTree = "<group>"; };
		E40C107A296D683F00C9C512 /* MainMessagesViewModel.swift */ = {isa = PBXFileReference; lastKnownFileType = sourcecode.swift; path = MainMessagesViewModel.swift; sourceTree = "<group>"; };
		E40C107C296D688C00C9C512 /* CreateNewMessageViewModel.swift */ = {isa = PBXFileReference; lastKnownFileType = sourcecode.swift; path = CreateNewMessageViewModel.swift; sourceTree = "<group>"; };
/* End PBXFileReference section */

/* Begin PBXFrameworksBuildPhase section */
		E40C101D296BC5F300C9C512 /* Frameworks */ = {
			isa = PBXFrameworksBuildPhase;
			buildActionMask = 2147483647;
			files = (
				E40C1049296BFF3B00C9C512 /* SDWebImageSwiftUI in Frameworks */,
				E40C1039296BD4EB00C9C512 /* FirebaseAuth in Frameworks */,
				E40C103F296BD4EB00C9C512 /* FirebaseStorage in Frameworks */,
				E40C103B296BD4EB00C9C512 /* FirebaseFirestore in Frameworks */,
				E40C103D296BD4EB00C9C512 /* FirebaseFirestoreSwift in Frameworks */,
			);
			runOnlyForDeploymentPostprocessing = 0;
		};
/* End PBXFrameworksBuildPhase section */

/* Begin PBXGroup section */
		E40C1017296BC5F300C9C512 = {
			isa = PBXGroup;
			children = (
				E40C1022296BC5F300C9C512 /* Chat */,
				E40C1021296BC5F300C9C512 /* Products */,
			);
			sourceTree = "<group>";
		};
		E40C1021296BC5F300C9C512 /* Products */ = {
			isa = PBXGroup;
			children = (
				E40C1020296BC5F300C9C512 /* Chat.app */,
			);
			name = Products;
			sourceTree = "<group>";
		};
		E40C1022296BC5F300C9C512 /* Chat */ = {
			isa = PBXGroup;
			children = (
				E40C1035296BD41D00C9C512 /* GoogleService-Info.plist */,
				E40C105D296D642600C9C512 /* ChatApp.swift */,
				E40C106B296D642700C9C512 /* LoginView.swift */,
				E40C1062296D642600C9C512 /* Utils */,
				E40C105E296D642600C9C512 /* Model */,
				E40C1077296D67B700C9C512 /* ViewModel */,
				E40C1065296D642700C9C512 /* MainMessages */,
				E40C1027296BC5F700C9C512 /* Assets.xcassets */,
				E40C1040296BDC3500C9C512 /* ImagePicker.swift */,
				E40C1029296BC5F700C9C512 /* Preview Content */,
			);
			path = Chat;
			sourceTree = "<group>";
		};
		E40C1029296BC5F700C9C512 /* Preview Content */ = {
			isa = PBXGroup;
			children = (
				E40C102A296BC5F700C9C512 /* Preview Assets.xcassets */,
			);
			path = "Preview Content";
			sourceTree = "<group>";
		};
		E40C105E296D642600C9C512 /* Model */ = {
			isa = PBXGroup;
			children = (
				E40C105F296D642600C9C512 /* ChatMessage.swift */,
				E40C1060296D642600C9C512 /* RecentMessage.swift */,
				E40C1061296D642600C9C512 /* ChatUser.swift */,
			);
			path = Model;
			sourceTree = "<group>";
		};
		E40C1062296D642600C9C512 /* Utils */ = {
			isa = PBXGroup;
			children = (
				E40C1063296D642600C9C512 /* FirebaseConstants.swift */,
				E40C1064296D642600C9C512 /* FirebaseManager.swift */,
			);
			path = Utils;
			sourceTree = "<group>";
		};
		E40C1065296D642700C9C512 /* MainMessages */ = {
			isa = PBXGroup;
			children = (
				E40C1066296D642700C9C512 /* Chat */,
			);
			path = MainMessages;
			sourceTree = "<group>";
		};
		E40C1066296D642700C9C512 /* Chat */ = {
			isa = PBXGroup;
			children = (
				E40C1068296D642700C9C512 /* MainMessagesView.swift */,
				E40C106A296D642700C9C512 /* CreateNewMessageView.swift */,
				E40C1067296D642700C9C512 /* ChatLogView.swift */,
			);
			path = Chat;
			sourceTree = "<group>";
		};
		E40C1077296D67B700C9C512 /* ViewModel */ = {
			isa = PBXGroup;
			children = (
				E40C1078296D67E600C9C512 /* ChatLogViewModel.swift */,
				E40C107A296D683F00C9C512 /* MainMessagesViewModel.swift */,
				E40C107C296D688C00C9C512 /* CreateNewMessageViewModel.swift */,
			);
			path = ViewModel;
			sourceTree = "<group>";
		};
/* End PBXGroup section */

/* Begin PBXNativeTarget section */
		E40C101F296BC5F300C9C512 /* Chat */ = {
			isa = PBXNativeTarget;
			buildConfigurationList = E40C102E296BC5F700C9C512 /* Build configuration list for PBXNativeTarget "Chat" */;
			buildPhases = (
				E40C101C296BC5F300C9C512 /* Sources */,
				E40C101D296BC5F300C9C512 /* Frameworks */,
				E40C101E296BC5F300C9C512 /* Resources */,
			);
			buildRules = (
			);
			dependencies = (
			);
			name = Chat;
			packageProductDependencies = (
				E40C1038296BD4EB00C9C512 /* FirebaseAuth */,
				E40C103A296BD4EB00C9C512 /* FirebaseFirestore */,
				E40C103C296BD4EB00C9C512 /* FirebaseFirestoreSwift */,
				E40C103E296BD4EB00C9C512 /* FirebaseStorage */,
				E40C1048296BFF3B00C9C512 /* SDWebImageSwiftUI */,
			);
			productName = Chat;
			productReference = E40C1020296BC5F300C9C512 /* Chat.app */;
			productType = "com.apple.product-type.application";
		};
/* End PBXNativeTarget section */

/* Begin PBXProject section */
		E40C1018296BC5F300C9C512 /* Project object */ = {
			isa = PBXProject;
			attributes = {
				BuildIndependentTargetsInParallel = 1;
				LastSwiftUpdateCheck = 1420;
				LastUpgradeCheck = 1420;
				TargetAttributes = {
					E40C101F296BC5F300C9C512 = {
						CreatedOnToolsVersion = 14.2;
					};
				};
			};
			buildConfigurationList = E40C101B296BC5F300C9C512 /* Build configuration list for PBXProject "Chat" */;
			compatibilityVersion = "Xcode 14.0";
			developmentRegion = en;
			hasScannedForEncodings = 0;
			knownRegions = (
				en,
				Base,
			);
			mainGroup = E40C1017296BC5F300C9C512;
			packageReferences = (
				E40C1037296BD4EB00C9C512 /* XCRemoteSwiftPackageReference "firebase-ios-sdk" */,
				E40C1047296BFF3A00C9C512 /* XCRemoteSwiftPackageReference "SDWebImageSwiftUI" */,
			);
			productRefGroup = E40C1021296BC5F300C9C512 /* Products */;
			projectDirPath = "";
			projectRoot = "";
			targets = (
				E40C101F296BC5F300C9C512 /* Chat */,
			);
		};
/* End PBXProject section */

/* Begin PBXResourcesBuildPhase section */
		E40C101E296BC5F300C9C512 /* Resources */ = {
			isa = PBXResourcesBuildPhase;
			buildActionMask = 2147483647;
			files = (
				E40C102B296BC5F700C9C512 /* Preview Assets.xcassets in Resources */,
				E40C1036296BD41D00C9C512 /* GoogleService-Info.plist in Resources */,
				E40C1028296BC5F700C9C512 /* Assets.xcassets in Resources */,
			);
			runOnlyForDeploymentPostprocessing = 0;
		};
/* End PBXResourcesBuildPhase section */

/* Begin PBXSourcesBuildPhase section */
		E40C101C296BC5F300C9C512 /* Sources */ = {
			isa = PBXSourcesBuildPhase;
			buildActionMask = 2147483647;
			files = (
				E40C106E296D642700C9C512 /* RecentMessage.swift in Sources */,
				E40C1072296D642700C9C512 /* ChatLogView.swift in Sources */,
				E40C106D296D642700C9C512 /* ChatMessage.swift in Sources */,
				E40C1071296D642700C9C512 /* FirebaseManager.swift in Sources */,
				E40C1073296D642700C9C512 /* MainMessagesView.swift in Sources */,
				E40C1070296D642700C9C512 /* FirebaseConstants.swift in Sources */,
				E40C106C296D642700C9C512 /* ChatApp.swift in Sources */,
				E40C107B296D683F00C9C512 /* MainMessagesViewModel.swift in Sources */,
				E40C1041296BDC3500C9C512 /* ImagePicker.swift in Sources */,
				E40C107D296D688C00C9C512 /* CreateNewMessageViewModel.swift in Sources */,
				E40C1075296D642700C9C512 /* LoginView.swift in Sources */,
				E40C106F296D642700C9C512 /* ChatUser.swift in Sources */,
				E40C1074296D642700C9C512 /* CreateNewMessageView.swift in Sources */,
				E40C1079296D67E600C9C512 /* ChatLogViewModel.swift in Sources */,
			);
			runOnlyForDeploymentPostprocessing = 0;
		};
/* End PBXSourcesBuildPhase section */

/* Begin XCBuildConfiguration section */
		E40C102C296BC5F700C9C512 /* Debug */ = {
			isa = XCBuildConfiguration;
			buildSettings = {
				ALWAYS_SEARCH_USER_PATHS = NO;
				CLANG_ANALYZER_NONNULL = YES;
				CLANG_ANALYZER_NUMBER_OBJECT_CONVERSION = YES_AGGRESSIVE;
				CLANG_CXX_LANGUAGE_STANDARD = "gnu++20";
				CLANG_ENABLE_MODULES = YES;
				CLANG_ENABLE_OBJC_ARC = YES;
				CLANG_ENABLE_OBJC_WEAK = YES;
				CLANG_WARN_BLOCK_CAPTURE_AUTORELEASING = YES;
				CLANG_WARN_BOOL_CONVERSION = YES;
				CLANG_WARN_COMMA = YES;
				CLANG_WARN_CONSTANT_CONVERSION = YES;
				CLANG_WARN_DEPRECATED_OBJC_IMPLEMENTATIONS = YES;
				CLANG_WARN_DIRECT_OBJC_ISA_USAGE = YES_ERROR;
				CLANG_WARN_DOCUMENTATION_COMMENTS = YES;
				CLANG_WARN_EMPTY_BODY = YES;
				CLANG_WARN_ENUM_CONVERSION = YES;
				CLANG_WARN_INFINITE_RECURSION = YES;
				CLANG_WARN_INT_CONVERSION = YES;
				CLANG_WARN_NON_LITERAL_NULL_CONVERSION = YES;
				CLANG_WARN_OBJC_IMPLICIT_RETAIN_SELF = YES;
				CLANG_WARN_OBJC_LITERAL_CONVERSION = YES;
				CLANG_WARN_OBJC_ROOT_CLASS = YES_ERROR;
				CLANG_WARN_QUOTED_INCLUDE_IN_FRAMEWORK_HEADER = YES;
				CLANG_WARN_RANGE_LOOP_ANALYSIS = YES;
				CLANG_WARN_STRICT_PROTOTYPES = YES;
				CLANG_WARN_SUSPICIOUS_MOVE = YES;
				CLANG_WARN_UNGUARDED_AVAILABILITY = YES_AGGRESSIVE;
				CLANG_WARN_UNREACHABLE_CODE = YES;
				CLANG_WARN__DUPLICATE_METHOD_MATCH = YES;
				COPY_PHASE_STRIP = NO;
				DEBUG_INFORMATION_FORMAT = dwarf;
				ENABLE_STRICT_OBJC_MSGSEND = YES;
				ENABLE_TESTABILITY = YES;
				GCC_C_LANGUAGE_STANDARD = gnu11;
				GCC_DYNAMIC_NO_PIC = NO;
				GCC_NO_COMMON_BLOCKS = YES;
				GCC_OPTIMIZATION_LEVEL = 0;
				GCC_PREPROCESSOR_DEFINITIONS = (
					"DEBUG=1",
					"$(inherited)",
				);
				GCC_WARN_64_TO_32_BIT_CONVERSION = YES;
				GCC_WARN_ABOUT_RETURN_TYPE = YES_ERROR;
				GCC_WARN_UNDECLARED_SELECTOR = YES;
				GCC_WARN_UNINITIALIZED_AUTOS = YES_AGGRESSIVE;
				GCC_WARN_UNUSED_FUNCTION = YES;
				GCC_WARN_UNUSED_VARIABLE = YES;
				IPHONEOS_DEPLOYMENT_TARGET = 16.2;
				MTL_ENABLE_DEBUG_INFO = INCLUDE_SOURCE;
				MTL_FAST_MATH = YES;
				ONLY_ACTIVE_ARCH = YES;
				SDKROOT = iphoneos;
				SWIFT_ACTIVE_COMPILATION_CONDITIONS = DEBUG;
				SWIFT_OPTIMIZATION_LEVEL = "-Onone";
			};
			name = Debug;
		};
		E40C102D296BC5F700C9C512 /* Release */ = {
			isa = XCBuildConfiguration;
			buildSettings = {
				ALWAYS_SEARCH_USER_PATHS = NO;
				CLANG_ANALYZER_NONNULL = YES;
				CLANG_ANALYZER_NUMBER_OBJECT_CONVERSION = YES_AGGRESSIVE;
				CLANG_CXX_LANGUAGE_STANDARD = "gnu++20";
				CLANG_ENABLE_MODULES = YES;
				CLANG_ENABLE_OBJC_ARC = YES;
				CLANG_ENABLE_OBJC_WEAK = YES;
				CLANG_WARN_BLOCK_CAPTURE_AUTORELEASING = YES;
				CLANG_WARN_BOOL_CONVERSION = YES;
				CLANG_WARN_COMMA = YES;
				CLANG_WARN_CONSTANT_CONVERSION = YES;
				CLANG_WARN_DEPRECATED_OBJC_IMPLEMENTATIONS = YES;
				CLANG_WARN_DIRECT_OBJC_ISA_USAGE = YES_ERROR;
				CLANG_WARN_DOCUMENTATION_COMMENTS = YES;
				CLANG_WARN_EMPTY_BODY = YES;
				CLANG_WARN_ENUM_CONVERSION = YES;
				CLANG_WARN_INFINITE_RECURSION = YES;
				CLANG_WARN_INT_CONVERSION = YES;
				CLANG_WARN_NON_LITERAL_NULL_CONVERSION = YES;
				CLANG_WARN_OBJC_IMPLICIT_RETAIN_SELF = YES;
				CLANG_WARN_OBJC_LITERAL_CONVERSION = YES;
				CLANG_WARN_OBJC_ROOT_CLASS = YES_ERROR;
				CLANG_WARN_QUOTED_INCLUDE_IN_FRAMEWORK_HEADER = YES;
				CLANG_WARN_RANGE_LOOP_ANALYSIS = YES;
				CLANG_WARN_STRICT_PROTOTYPES = YES;
				CLANG_WARN_SUSPICIOUS_MOVE = YES;
				CLANG_WARN_UNGUARDED_AVAILABILITY = YES_AGGRESSIVE;
				CLANG_WARN_UNREACHABLE_CODE = YES;
				CLANG_WARN__DUPLICATE_METHOD_MATCH = YES;
				COPY_PHASE_STRIP = NO;
				DEBUG_INFORMATION_FORMAT = "dwarf-with-dsym";
				ENABLE_NS_ASSERTIONS = NO;
				ENABLE_STRICT_OBJC_MSGSEND = YES;
				GCC_C_LANGUAGE_STANDARD = gnu11;
				GCC_NO_COMMON_BLOCKS = YES;
				GCC_WARN_64_TO_32_BIT_CONVERSION = YES;
				GCC_WARN_ABOUT_RETURN_TYPE = YES_ERROR;
				GCC_WARN_UNDECLARED_SELECTOR = YES;
				GCC_WARN_UNINITIALIZED_AUTOS = YES_AGGRESSIVE;
				GCC_WARN_UNUSED_FUNCTION = YES;
				GCC_WARN_UNUSED_VARIABLE = YES;
				IPHONEOS_DEPLOYMENT_TARGET = 16.2;
				MTL_ENABLE_DEBUG_INFO = NO;
				MTL_FAST_MATH = YES;
				SDKROOT = iphoneos;
				SWIFT_COMPILATION_MODE = wholemodule;
				SWIFT_OPTIMIZATION_LEVEL = "-O";
				VALIDATE_PRODUCT = YES;
			};
			name = Release;
		};
		E40C102F296BC5F700C9C512 /* Debug */ = {
			isa = XCBuildConfiguration;
			buildSettings = {
				ASSETCATALOG_COMPILER_APPICON_NAME = AppIcon;
				ASSETCATALOG_COMPILER_GLOBAL_ACCENT_COLOR_NAME = AccentColor;
				ASSETCATALOG_COMPILER_INCLUDE_ALL_APPICON_ASSETS = YES;
				CODE_SIGN_STYLE = Automatic;
				CURRENT_PROJECT_VERSION = 1;
				DEVELOPMENT_ASSET_PATHS = "\"Chat/Preview Content\"";
				DEVELOPMENT_TEAM = 62UE764E85;
				ENABLE_PREVIEWS = YES;
				GENERATE_INFOPLIST_FILE = YES;
				INFOPLIST_KEY_CFBundleDisplayName = EasyChat;
				INFOPLIST_KEY_LSApplicationCategoryType = "public.app-category.social-networking";
				INFOPLIST_KEY_UIApplicationSceneManifest_Generation = YES;
				INFOPLIST_KEY_UIApplicationSupportsIndirectInputEvents = YES;
				INFOPLIST_KEY_UILaunchScreen_Generation = YES;
				INFOPLIST_KEY_UISupportedInterfaceOrientations = UIInterfaceOrientationPortrait;
				INFOPLIST_KEY_UISupportedInterfaceOrientations_iPad = "UIInterfaceOrientationLandscapeLeft UIInterfaceOrientationLandscapeRight UIInterfaceOrientationPortrait UIInterfaceOrientationPortraitUpsideDown";
				LD_RUNPATH_SEARCH_PATHS = (
					"$(inherited)",
					"@executable_path/Frameworks",
				);
				MARKETING_VERSION = 1.0;
				PRODUCT_BUNDLE_IDENTIFIER = com.benjiloya.Chat;
				PRODUCT_NAME = "$(TARGET_NAME)";
				SUPPORTED_PLATFORMS = "iphoneos iphonesimulator";
				SUPPORTS_MACCATALYST = NO;
				SUPPORTS_MAC_DESIGNED_FOR_IPHONE_IPAD = NO;
				SWIFT_EMIT_LOC_STRINGS = YES;
				SWIFT_VERSION = 5.0;
				TARGETED_DEVICE_FAMILY = 1;
			};
			name = Debug;
		};
		E40C1030296BC5F700C9C512 /* Release */ = {
			isa = XCBuildConfiguration;
			buildSettings = {
				ASSETCATALOG_COMPILER_APPICON_NAME = AppIcon;
				ASSETCATALOG_COMPILER_GLOBAL_ACCENT_COLOR_NAME = AccentColor;
				ASSETCATALOG_COMPILER_INCLUDE_ALL_APPICON_ASSETS = YES;
				CODE_SIGN_STYLE = Automatic;
				CURRENT_PROJECT_VERSION = 1;
				DEVELOPMENT_ASSET_PATHS = "\"Chat/Preview Content\"";
				DEVELOPMENT_TEAM = 62UE764E85;
				ENABLE_PREVIEWS = YES;
				GENERATE_INFOPLIST_FILE = YES;
				INFOPLIST_KEY_CFBundleDisplayName = EasyChat;
				INFOPLIST_KEY_LSApplicationCategoryType = "public.app-category.social-networking";
				INFOPLIST_KEY_UIApplicationSceneManifest_Generation = YES;
				INFOPLIST_KEY_UIApplicationSupportsIndirectInputEvents = YES;
				INFOPLIST_KEY_UILaunchScreen_Generation = YES;
				INFOPLIST_KEY_UISupportedInterfaceOrientations = UIInterfaceOrientationPortrait;
				INFOPLIST_KEY_UISupportedInterfaceOrientations_iPad = "UIInterfaceOrientationLandscapeLeft UIInterfaceOrientationLandscapeRight UIInterfaceOrientationPortrait UIInterfaceOrientationPortraitUpsideDown";
				LD_RUNPATH_SEARCH_PATHS = (
					"$(inherited)",
					"@executable_path/Frameworks",
				);
				MARKETING_VERSION = 1.0;
				PRODUCT_BUNDLE_IDENTIFIER = com.benjiloya.Chat;
				PRODUCT_NAME = "$(TARGET_NAME)";
				SUPPORTED_PLATFORMS = "iphoneos iphonesimulator";
				SUPPORTS_MACCATALYST = NO;
				SUPPORTS_MAC_DESIGNED_FOR_IPHONE_IPAD = NO;
				SWIFT_EMIT_LOC_STRINGS = YES;
				SWIFT_VERSION = 5.0;
				TARGETED_DEVICE_FAMILY = 1;
			};
			name = Release;
		};
/* End XCBuildConfiguration section */

/* Begin XCConfigurationList section */
		E40C101B296BC5F300C9C512 /* Build configuration list for PBXProject "Chat" */ = {
			isa = XCConfigurationList;
			buildConfigurations = (
				E40C102C296BC5F700C9C512 /* Debug */,
				E40C102D296BC5F700C9C512 /* Release */,
			);
			defaultConfigurationIsVisible = 0;
			defaultConfigurationName = Release;
		};
		E40C102E296BC5F700C9C512 /* Build configuration list for PBXNativeTarget "Chat" */ = {
			isa = XCConfigurationList;
			buildConfigurations = (
				E40C102F296BC5F700C9C512 /* Debug */,
				E40C1030296BC5F700C9C512 /* Release */,
			);
			defaultConfigurationIsVisible = 0;
			defaultConfigurationName = Release;
		};
/* End XCConfigurationList section */

/* Begin XCRemoteSwiftPackageReference section */
		E40C1037296BD4EB00C9C512 /* XCRemoteSwiftPackageReference "firebase-ios-sdk" */ = {
			isa = XCRemoteSwiftPackageReference;
			repositoryURL = "https://github.com/firebase/firebase-ios-sdk.git";
			requirement = {
				branch = master;
				kind = branch;
			};
		};
		E40C1047296BFF3A00C9C512 /* XCRemoteSwiftPackageReference "SDWebImageSwiftUI" */ = {
			isa = XCRemoteSwiftPackageReference;
			repositoryURL = "https://github.com/SDWebImage/SDWebImageSwiftUI.git";
			requirement = {
				branch = master;
				kind = branch;
			};
		};
/* End XCRemoteSwiftPackageReference section */

/* Begin XCSwiftPackageProductDependency section */
		E40C1038296BD4EB00C9C512 /* FirebaseAuth */ = {
			isa = XCSwiftPackageProductDependency;
			package = E40C1037296BD4EB00C9C512 /* XCRemoteSwiftPackageReference "firebase-ios-sdk" */;
			productName = FirebaseAuth;
		};
		E40C103A296BD4EB00C9C512 /* FirebaseFirestore */ = {
			isa = XCSwiftPackageProductDependency;
			package = E40C1037296BD4EB00C9C512 /* XCRemoteSwiftPackageReference "firebase-ios-sdk" */;
			productName = FirebaseFirestore;
		};
		E40C103C296BD4EB00C9C512 /* FirebaseFirestoreSwift */ = {
			isa = XCSwiftPackageProductDependency;
			package = E40C1037296BD4EB00C9C512 /* XCRemoteSwiftPackageReference "firebase-ios-sdk" */;
			productName = FirebaseFirestoreSwift;
		};
		E40C103E296BD4EB00C9C512 /* FirebaseStorage */ = {
			isa = XCSwiftPackageProductDependency;
			package = E40C1037296BD4EB00C9C512 /* XCRemoteSwiftPackageReference "firebase-ios-sdk" */;
			productName = FirebaseStorage;
		};
		E40C1048296BFF3B00C9C512 /* SDWebImageSwiftUI */ = {
			isa = XCSwiftPackageProductDependency;
			package = E40C1047296BFF3A00C9C512 /* XCRemoteSwiftPackageReference "SDWebImageSwiftUI" */;
			productName = SDWebImageSwiftUI;
		};
/* End XCSwiftPackageProductDependency section */
	};
	rootObject = E40C1018296BC5F300C9C512 /* Project object */;
}
